
Microsoft Visual Studio Solution File, Format Version 12.00
# Visual Studio 14
VisualStudioVersion = 14.0.25123.0
MinimumVisualStudioVersion = 10.0.40219.1
Project("{8BC9CEB8-8B4A-11D0-8D11-00A0C91BC942}") = "DirectXTK_Desktop_2015_Win10", "..\Microsoft\DirectXTK\DirectXTK_Desktop_2015_Win10.vcxproj", "{E0B52AE7-E160-4D32-BF3F-910B785E5A8E}"
EndProject
Project("{8BC9CEB8-8B4A-11D0-8D11-00A0C91BC942}") = "Part13_Query", "Part13_Predication\Part13_Predication.vcxproj", "{DD089ED2-C882-40CF-BB59-8E2CDBA9A956}"
EndProject
Project("{8BC9CEB8-8B4A-11D0-8D11-00A0C91BC942}") = "Part14_Initialize", "Part14_Initialize\Part14_Initialize.vcxproj", "{D702086B-25F4-441B-9686-5E886DAF04EC}"
EndProject
Project("{8BC9CEB8-8B4A-11D0-8D11-00A0C91BC942}") = "Part15_Texture", "Part15_Texture\Part15_Texture.vcxproj", "{A9C190E1-58B8-42E4-8354-5978D4C2FEB0}"
EndProject
Project("{8BC9CEB8-8B4A-11D0-8D11-00A0C91BC942}") = "Part16_TiledResource", "Part16_TiledResource\Part16_TiledResource.vcxproj", "{FAE2DCE2-4DEF-4D9B-A75F-9A2128EA154D}"
EndProject
Project("{8BC9CEB8-8B4A-11D0-8D11-00A0C91BC942}") = "Part01_ClearScreen", "Part01_ClearScreen\Part01_ClearScreen.vcxproj", "{25DC3178-EB08-4153-8190-0861A82AD7D9}"
EndProject
Project("{8BC9CEB8-8B4A-11D0-8D11-00A0C91BC942}") = "Part02_ConstantBuffer", "Part02_ConstantBuffer\Part02_ConstantBuffer.vcxproj", "{37BBDF78-0545-4610-A6B2-693DE7DE8E0B}"
EndProject
Project("{8BC9CEB8-8B4A-11D0-8D11-00A0C91BC942}") = "Part03_Texture", "Part03_Texture\Part03_Texture.vcxproj", "{2FFC03FE-6B20-4682-8049-D1F1E04FAF53}"
EndProject
Project("{8BC9CEB8-8B4A-11D0-8D11-00A0C91BC942}") = "Part04_TypeOfBuffer", "Part04_TypeOfBuffer\Part04_TypeOfBuffer.vcxproj", "{71C78EDE-78F3-4C78-A217-36B77B0EBCC8}"
EndProject
Project("{8BC9CEB8-8B4A-11D0-8D11-00A0C91BC942}") = "Part05_GraphicsPipeline", "Part05_GraphicsPipeline\Part05_GraphicsPipeline.vcxproj", "{261526AC-B68B-4B83-9E9D-39239F3C6A34}"
EndProject
Project("{8BC9CEB8-8B4A-11D0-8D11-00A0C91BC942}") = "Part06_DrawCall", "Part06_DrawCall\Part06_DrawCall.vcxproj", "{3A1986C2-51E9-48E7-9CD2-1ACA669E7260}"
EndProject
Project("{8BC9CEB8-8B4A-11D0-8D11-00A0C91BC942}") = "Part07_RenderTargetAndBlendState", "Part07_RenderTargetAndBlendState\Part07_RenderTargetAndBlendState.vcxproj", "{73BA9EFC-350E-42CA-AF1F-34CB36E810EE}"
EndProject
Project("{8BC9CEB8-8B4A-11D0-8D11-00A0C91BC942}") = "Part08_ZBufferAndDepthStencilState", "Part08_ZBufferAndDepthStencilState\Part08_ZBufferAndDepthStencilState.vcxproj", "{7B5B546C-9D21-41EC-BB9C-7CF9249BC6CC}"
EndProject
Project("{8BC9CEB8-8B4A-11D0-8D11-00A0C91BC942}") = "Part09_RasterizerState", "Part09_RasterizerState\Part09_RasterizerState.vcxproj", "{1498EE41-0C30-4194-8474-1FFA7E4DDEEB}"
EndProject
Project("{8BC9CEB8-8B4A-11D0-8D11-00A0C91BC942}") = "Part10_GeometryShader", "Part10_GeometryShader\Part10_GeometryShader.vcxproj", "{00FAB337-2A69-47D4-B3AC-3ABAC1B9D764}"
EndProject
Project("{8BC9CEB8-8B4A-11D0-8D11-00A0C91BC942}") = "Part11_StreamOutput", "Part11_StreamOutput\Part11_StreamOutput.vcxproj", "{41C65F63-D831-42A6-9426-C9C44AD23AAE}"
EndProject
Project("{8BC9CEB8-8B4A-11D0-8D11-00A0C91BC942}") = "Part12_Tessellation", "Part12_Tessellation\Part12_Tessellation.vcxproj", "{B63D6093-F492-43E7-BA55-E729B76F50A5}"
EndProject
Project("{8BC9CEB8-8B4A-11D0-8D11-00A0C91BC942}") = "Part13_DeferredContext", "Part13_DeferredContext\Part13_DeferredContext.vcxproj", "{086A5BDA-3AD7-4184-86B9-22AD13FFF45B}"
EndProject
Project("{8BC9CEB8-8B4A-11D0-8D11-00A0C91BC942}") = "Part14_Query", "Part14_Query\Part14_Query.vcxproj", "{BED5A430-5A53-4F56-969A-D7DD1B099870}"
EndProject
Global
	GlobalSection(SolutionConfigurationPlatforms) = preSolution
		Debug|x64 = Debug|x64
		Debug|x86 = Debug|x86
		Release|x64 = Release|x64
		Release|x86 = Release|x86
	EndGlobalSection
	GlobalSection(ProjectConfigurationPlatforms) = postSolution
		{E0B52AE7-E160-4D32-BF3F-910B785E5A8E}.Debug|x64.ActiveCfg = Debug|x64
		{E0B52AE7-E160-4D32-BF3F-910B785E5A8E}.Debug|x64.Build.0 = Debug|x64
		{E0B52AE7-E160-4D32-BF3F-910B785E5A8E}.Debug|x86.ActiveCfg = Debug|Win32
		{E0B52AE7-E160-4D32-BF3F-910B785E5A8E}.Debug|x86.Build.0 = Debug|Win32
		{E0B52AE7-E160-4D32-BF3F-910B785E5A8E}.Release|x64.ActiveCfg = Release|x64
		{E0B52AE7-E160-4D32-BF3F-910B785E5A8E}.Release|x64.Build.0 = Release|x64
		{E0B52AE7-E160-4D32-BF3F-910B785E5A8E}.Release|x86.ActiveCfg = Release|Win32
		{E0B52AE7-E160-4D32-BF3F-910B785E5A8E}.Release|x86.Build.0 = Release|Win32
		{DD089ED2-C882-40CF-BB59-8E2CDBA9A956}.Debug|x64.ActiveCfg = Debug|x64
		{DD089ED2-C882-40CF-BB59-8E2CDBA9A956}.Debug|x64.Build.0 = Debug|x64
		{DD089ED2-C882-40CF-BB59-8E2CDBA9A956}.Debug|x86.ActiveCfg = Debug|Win32
		{DD089ED2-C882-40CF-BB59-8E2CDBA9A956}.Debug|x86.Build.0 = Debug|Win32
		{DD089ED2-C882-40CF-BB59-8E2CDBA9A956}.Release|x64.ActiveCfg = Release|x64
		{DD089ED2-C882-40CF-BB59-8E2CDBA9A956}.Release|x64.Build.0 = Release|x64
		{DD089ED2-C882-40CF-BB59-8E2CDBA9A956}.Release|x86.ActiveCfg = Release|Win32
		{DD089ED2-C882-40CF-BB59-8E2CDBA9A956}.Release|x86.Build.0 = Release|Win32
		{D702086B-25F4-441B-9686-5E886DAF04EC}.Debug|x64.ActiveCfg = Debug|x64
		{D702086B-25F4-441B-9686-5E886DAF04EC}.Debug|x64.Build.0 = Debug|x64
		{D702086B-25F4-441B-9686-5E886DAF04EC}.Debug|x86.ActiveCfg = Debug|Win32
		{D702086B-25F4-441B-9686-5E886DAF04EC}.Debug|x86.Build.0 = Debug|Win32
		{D702086B-25F4-441B-9686-5E886DAF04EC}.Release|x64.ActiveCfg = Release|x64
		{D702086B-25F4-441B-9686-5E886DAF04EC}.Release|x64.Build.0 = Release|x64
		{D702086B-25F4-441B-9686-5E886DAF04EC}.Release|x86.ActiveCfg = Release|Win32
		{D702086B-25F4-441B-9686-5E886DAF04EC}.Release|x86.Build.0 = Release|Win32
		{A9C190E1-58B8-42E4-8354-5978D4C2FEB0}.Debug|x64.ActiveCfg = Debug|x64
		{A9C190E1-58B8-42E4-8354-5978D4C2FEB0}.Debug|x64.Build.0 = Debug|x64
		{A9C190E1-58B8-42E4-8354-5978D4C2FEB0}.Debug|x86.ActiveCfg = Debug|Win32
		{A9C190E1-58B8-42E4-8354-5978D4C2FEB0}.Debug|x86.Build.0 = Debug|Win32
		{A9C190E1-58B8-42E4-8354-5978D4C2FEB0}.Release|x64.ActiveCfg = Release|x64
		{A9C190E1-58B8-42E4-8354-5978D4C2FEB0}.Release|x64.Build.0 = Release|x64
		{A9C190E1-58B8-42E4-8354-5978D4C2FEB0}.Release|x86.ActiveCfg = Release|Win32
		{A9C190E1-58B8-42E4-8354-5978D4C2FEB0}.Release|x86.Build.0 = Release|Win32
		{FAE2DCE2-4DEF-4D9B-A75F-9A2128EA154D}.Debug|x64.ActiveCfg = Debug|x64
		{FAE2DCE2-4DEF-4D9B-A75F-9A2128EA154D}.Debug|x64.Build.0 = Debug|x64
		{FAE2DCE2-4DEF-4D9B-A75F-9A2128EA154D}.Debug|x86.ActiveCfg = Debug|Win32
		{FAE2DCE2-4DEF-4D9B-A75F-9A2128EA154D}.Debug|x86.Build.0 = Debug|Win32
		{FAE2DCE2-4DEF-4D9B-A75F-9A2128EA154D}.Release|x64.ActiveCfg = Release|x64
		{FAE2DCE2-4DEF-4D9B-A75F-9A2128EA154D}.Release|x64.Build.0 = Release|x64
		{FAE2DCE2-4DEF-4D9B-A75F-9A2128EA154D}.Release|x86.ActiveCfg = Release|Win32
		{FAE2DCE2-4DEF-4D9B-A75F-9A2128EA154D}.Release|x86.Build.0 = Release|Win32
		{25DC3178-EB08-4153-8190-0861A82AD7D9}.Debug|x64.ActiveCfg = Debug|x64
		{25DC3178-EB08-4153-8190-0861A82AD7D9}.Debug|x64.Build.0 = Debug|x64
		{25DC3178-EB08-4153-8190-0861A82AD7D9}.Debug|x86.ActiveCfg = Debug|Win32
		{25DC3178-EB08-4153-8190-0861A82AD7D9}.Debug|x86.Build.0 = Debug|Win32
		{25DC3178-EB08-4153-8190-0861A82AD7D9}.Release|x64.ActiveCfg = Release|x64
		{25DC3178-EB08-4153-8190-0861A82AD7D9}.Release|x64.Build.0 = Release|x64
		{25DC3178-EB08-4153-8190-0861A82AD7D9}.Release|x86.ActiveCfg = Release|Win32
		{25DC3178-EB08-4153-8190-0861A82AD7D9}.Release|x86.Build.0 = Release|Win32
		{37BBDF78-0545-4610-A6B2-693DE7DE8E0B}.Debug|x64.ActiveCfg = Debug|x64
		{37BBDF78-0545-4610-A6B2-693DE7DE8E0B}.Debug|x64.Build.0 = Debug|x64
		{37BBDF78-0545-4610-A6B2-693DE7DE8E0B}.Debug|x86.ActiveCfg = Debug|Win32
		{37BBDF78-0545-4610-A6B2-693DE7DE8E0B}.Debug|x86.Build.0 = Debug|Win32
		{37BBDF78-0545-4610-A6B2-693DE7DE8E0B}.Release|x64.ActiveCfg = Release|x64
		{37BBDF78-0545-4610-A6B2-693DE7DE8E0B}.Release|x64.Build.0 = Release|x64
		{37BBDF78-0545-4610-A6B2-693DE7DE8E0B}.Release|x86.ActiveCfg = Release|Win32
		{37BBDF78-0545-4610-A6B2-693DE7DE8E0B}.Release|x86.Build.0 = Release|Win32
		{2FFC03FE-6B20-4682-8049-D1F1E04FAF53}.Debug|x64.ActiveCfg = Debug|x64
		{2FFC03FE-6B20-4682-8049-D1F1E04FAF53}.Debug|x64.Build.0 = Debug|x64
		{2FFC03FE-6B20-4682-8049-D1F1E04FAF53}.Debug|x86.ActiveCfg = Debug|Win32
		{2FFC03FE-6B20-4682-8049-D1F1E04FAF53}.Debug|x86.Build.0 = Debug|Win32
		{2FFC03FE-6B20-4682-8049-D1F1E04FAF53}.Release|x64.ActiveCfg = Release|x64
		{2FFC03FE-6B20-4682-8049-D1F1E04FAF53}.Release|x64.Build.0 = Release|x64
		{2FFC03FE-6B20-4682-8049-D1F1E04FAF53}.Release|x86.ActiveCfg = Release|Win32
		{2FFC03FE-6B20-4682-8049-D1F1E04FAF53}.Release|x86.Build.0 = Release|Win32
		{71C78EDE-78F3-4C78-A217-36B77B0EBCC8}.Debug|x64.ActiveCfg = Debug|x64
		{71C78EDE-78F3-4C78-A217-36B77B0EBCC8}.Debug|x64.Build.0 = Debug|x64
		{71C78EDE-78F3-4C78-A217-36B77B0EBCC8}.Debug|x86.ActiveCfg = Debug|Win32
		{71C78EDE-78F3-4C78-A217-36B77B0EBCC8}.Debug|x86.Build.0 = Debug|Win32
		{71C78EDE-78F3-4C78-A217-36B77B0EBCC8}.Release|x64.ActiveCfg = Release|x64
		{71C78EDE-78F3-4C78-A217-36B77B0EBCC8}.Release|x64.Build.0 = Release|x64
		{71C78EDE-78F3-4C78-A217-36B77B0EBCC8}.Release|x86.ActiveCfg = Release|Win32
		{71C78EDE-78F3-4C78-A217-36B77B0EBCC8}.Release|x86.Build.0 = Release|Win32
		{261526AC-B68B-4B83-9E9D-39239F3C6A34}.Debug|x64.ActiveCfg = Debug|x64
		{261526AC-B68B-4B83-9E9D-39239F3C6A34}.Debug|x64.Build.0 = Debug|x64
		{261526AC-B68B-4B83-9E9D-39239F3C6A34}.Debug|x86.ActiveCfg = Debug|Win32
		{261526AC-B68B-4B83-9E9D-39239F3C6A34}.Debug|x86.Build.0 = Debug|Win32
		{261526AC-B68B-4B83-9E9D-39239F3C6A34}.Release|x64.ActiveCfg = Release|x64
		{261526AC-B68B-4B83-9E9D-39239F3C6A34}.Release|x64.Build.0 = Release|x64
		{261526AC-B68B-4B83-9E9D-39239F3C6A34}.Release|x86.ActiveCfg = Release|Win32
		{261526AC-B68B-4B83-9E9D-39239F3C6A34}.Release|x86.Build.0 = Release|Win32
		{3A1986C2-51E9-48E7-9CD2-1ACA669E7260}.Debug|x64.ActiveCfg = Debug|x64
		{3A1986C2-51E9-48E7-9CD2-1ACA669E7260}.Debug|x64.Build.0 = Debug|x64
		{3A1986C2-51E9-48E7-9CD2-1ACA669E7260}.Debug|x86.ActiveCfg = Debug|Win32
		{3A1986C2-51E9-48E7-9CD2-1ACA669E7260}.Debug|x86.Build.0 = Debug|Win32
		{3A1986C2-51E9-48E7-9CD2-1ACA669E7260}.Release|x64.ActiveCfg = Release|x64
		{3A1986C2-51E9-48E7-9CD2-1ACA669E7260}.Release|x64.Build.0 = Release|x64
		{3A1986C2-51E9-48E7-9CD2-1ACA669E7260}.Release|x86.ActiveCfg = Release|Win32
		{3A1986C2-51E9-48E7-9CD2-1ACA669E7260}.Release|x86.Build.0 = Release|Win32
		{73BA9EFC-350E-42CA-AF1F-34CB36E810EE}.Debug|x64.ActiveCfg = Debug|x64
		{73BA9EFC-350E-42CA-AF1F-34CB36E810EE}.Debug|x64.Build.0 = Debug|x64
		{73BA9EFC-350E-42CA-AF1F-34CB36E810EE}.Debug|x86.ActiveCfg = Debug|Win32
		{73BA9EFC-350E-42CA-AF1F-34CB36E810EE}.Debug|x86.Build.0 = Debug|Win32
		{73BA9EFC-350E-42CA-AF1F-34CB36E810EE}.Release|x64.ActiveCfg = Release|x64
		{73BA9EFC-350E-42CA-AF1F-34CB36E810EE}.Release|x64.Build.0 = Release|x64
		{73BA9EFC-350E-42CA-AF1F-34CB36E810EE}.Release|x86.ActiveCfg = Release|Win32
		{73BA9EFC-350E-42CA-AF1F-34CB36E810EE}.Release|x86.Build.0 = Release|Win32
		{7B5B546C-9D21-41EC-BB9C-7CF9249BC6CC}.Debug|x64.ActiveCfg = Debug|x64
		{7B5B546C-9D21-41EC-BB9C-7CF9249BC6CC}.Debug|x64.Build.0 = Debug|x64
		{7B5B546C-9D21-41EC-BB9C-7CF9249BC6CC}.Debug|x86.ActiveCfg = Debug|Win32
		{7B5B546C-9D21-41EC-BB9C-7CF9249BC6CC}.Debug|x86.Build.0 = Debug|Win32
		{7B5B546C-9D21-41EC-BB9C-7CF9249BC6CC}.Release|x64.ActiveCfg = Release|x64
		{7B5B546C-9D21-41EC-BB9C-7CF9249BC6CC}.Release|x64.Build.0 = Release|x64
		{7B5B546C-9D21-41EC-BB9C-7CF9249BC6CC}.Release|x86.ActiveCfg = Release|Win32
		{7B5B546C-9D21-41EC-BB9C-7CF9249BC6CC}.Release|x86.Build.0 = Release|Win32
		{1498EE41-0C30-4194-8474-1FFA7E4DDEEB}.Debug|x64.ActiveCfg = Debug|x64
		{1498EE41-0C30-4194-8474-1FFA7E4DDEEB}.Debug|x64.Build.0 = Debug|x64
		{1498EE41-0C30-4194-8474-1FFA7E4DDEEB}.Debug|x86.ActiveCfg = Debug|Win32
		{1498EE41-0C30-4194-8474-1FFA7E4DDEEB}.Debug|x86.Build.0 = Debug|Win32
		{1498EE41-0C30-4194-8474-1FFA7E4DDEEB}.Release|x64.ActiveCfg = Release|x64
		{1498EE41-0C30-4194-8474-1FFA7E4DDEEB}.Release|x64.Build.0 = Release|x64
		{1498EE41-0C30-4194-8474-1FFA7E4DDEEB}.Release|x86.ActiveCfg = Release|Win32
		{1498EE41-0C30-4194-8474-1FFA7E4DDEEB}.Release|x86.Build.0 = Release|Win32
		{00FAB337-2A69-47D4-B3AC-3ABAC1B9D764}.Debug|x64.ActiveCfg = Debug|x64
		{00FAB337-2A69-47D4-B3AC-3ABAC1B9D764}.Debug|x64.Build.0 = Debug|x64
		{00FAB337-2A69-47D4-B3AC-3ABAC1B9D764}.Debug|x86.ActiveCfg = Debug|Win32
		{00FAB337-2A69-47D4-B3AC-3ABAC1B9D764}.Debug|x86.Build.0 = Debug|Win32
		{00FAB337-2A69-47D4-B3AC-3ABAC1B9D764}.Release|x64.ActiveCfg = Release|x64
		{00FAB337-2A69-47D4-B3AC-3ABAC1B9D764}.Release|x64.Build.0 = Release|x64
		{00FAB337-2A69-47D4-B3AC-3ABAC1B9D764}.Release|x86.ActiveCfg = Release|Win32
		{00FAB337-2A69-47D4-B3AC-3ABAC1B9D764}.Release|x86.Build.0 = Release|Win32
		{41C65F63-D831-42A6-9426-C9C44AD23AAE}.Debug|x64.ActiveCfg = Debug|x64
		{41C65F63-D831-42A6-9426-C9C44AD23AAE}.Debug|x64.Build.0 = Debug|x64
		{41C65F63-D831-42A6-9426-C9C44AD23AAE}.Debug|x86.ActiveCfg = Debug|Win32
		{41C65F63-D831-42A6-9426-C9C44AD23AAE}.Debug|x86.Build.0 = Debug|Win32
		{41C65F63-D831-42A6-9426-C9C44AD23AAE}.Release|x64.ActiveCfg = Release|x64
		{41C65F63-D831-42A6-9426-C9C44AD23AAE}.Release|x64.Build.0 = Release|x64
		{41C65F63-D831-42A6-9426-C9C44AD23AAE}.Release|x86.ActiveCfg = Release|Win32
		{41C65F63-D831-42A6-9426-C9C44AD23AAE}.Release|x86.Build.0 = Release|Win32
		{B63D6093-F492-43E7-BA55-E729B76F50A5}.Debug|x64.ActiveCfg = Debug|x64
		{B63D6093-F492-43E7-BA55-E729B76F50A5}.Debug|x64.Build.0 = Debug|x64
		{B63D6093-F492-43E7-BA55-E729B76F50A5}.Debug|x86.ActiveCfg = Debug|Win32
		{B63D6093-F492-43E7-BA55-E729B76F50A5}.Debug|x86.Build.0 = Debug|Win32
		{B63D6093-F492-43E7-BA55-E729B76F50A5}.Release|x64.ActiveCfg = Release|x64
		{B63D6093-F492-43E7-BA55-E729B76F50A5}.Release|x64.Build.0 = Release|x64
		{B63D6093-F492-43E7-BA55-E729B76F50A5}.Release|x86.ActiveCfg = Release|Win32
		{B63D6093-F492-43E7-BA55-E729B76F50A5}.Release|x86.Build.0 = Release|Win32
		{086A5BDA-3AD7-4184-86B9-22AD13FFF45B}.Debug|x64.ActiveCfg = Debug|x64
		{086A5BDA-3AD7-4184-86B9-22AD13FFF45B}.Debug|x64.Build.0 = Debug|x64
		{086A5BDA-3AD7-4184-86B9-22AD13FFF45B}.Debug|x86.ActiveCfg = Debug|Win32
		{086A5BDA-3AD7-4184-86B9-22AD13FFF45B}.Debug|x86.Build.0 = Debug|Win32
		{086A5BDA-3AD7-4184-86B9-22AD13FFF45B}.Release|x64.ActiveCfg = Release|x64
		{086A5BDA-3AD7-4184-86B9-22AD13FFF45B}.Release|x64.Build.0 = Release|x64
		{086A5BDA-3AD7-4184-86B9-22AD13FFF45B}.Release|x86.ActiveCfg = Release|Win32
		{086A5BDA-3AD7-4184-86B9-22AD13FFF45B}.Release|x86.Build.0 = Release|Win32
		{BED5A430-5A53-4F56-969A-D7DD1B099870}.Debug|x64.ActiveCfg = Debug|x64
		{BED5A430-5A53-4F56-969A-D7DD1B099870}.Debug|x64.Build.0 = Debug|x64
		{BED5A430-5A53-4F56-969A-D7DD1B099870}.Debug|x86.ActiveCfg = Debug|Win32
		{BED5A430-5A53-4F56-969A-D7DD1B099870}.Debug|x86.Build.0 = Debug|Win32
		{BED5A430-5A53-4F56-969A-D7DD1B099870}.Release|x64.ActiveCfg = Release|x64
		{BED5A430-5A53-4F56-969A-D7DD1B099870}.Release|x64.Build.0 = Release|x64
		{BED5A430-5A53-4F56-969A-D7DD1B099870}.Release|x86.ActiveCfg = Release|Win32
		{BED5A430-5A53-4F56-969A-D7DD1B099870}.Release|x86.Build.0 = Release|Win32
	EndGlobalSection
	GlobalSection(SolutionProperties) = preSolution
		HideSolutionNode = FALSE
	EndGlobalSection
EndGlobal
