
Microsoft Visual Studio Solution File, Format Version 12.00
# Visual Studio 14
VisualStudioVersion = 14.0.23107.0
MinimumVisualStudioVersion = 10.0.40219.1
Project("{8BC9CEB8-8B4A-11D0-8D11-00A0C91BC942}") = "Part1_ClearScreenWithCS", "Part1_ClearScreenWithCS\Part1_ClearScreenWithCS.vcxproj", "{313B11DD-F109-431E-BC03-6D15846A1CBC}"
EndProject
Project("{8BC9CEB8-8B4A-11D0-8D11-00A0C91BC942}") = "Part2_ClearScreenWithTexture", "Part2_ClearScreenWithTexture\Part2_ClearScreenWithTexture.vcxproj", "{92E3AED4-8312-41B8-B92B-6F5C037DC5B4}"
EndProject
Project("{8BC9CEB8-8B4A-11D0-8D11-00A0C91BC942}") = "DirectXTK_Desktop_2015_Win10", "..\Microsoft\DirectXTK\DirectXTK_Desktop_2015_Win10.vcxproj", "{E0B52AE7-E160-4D32-BF3F-910B785E5A8E}"
EndProject
Project("{8BC9CEB8-8B4A-11D0-8D11-00A0C91BC942}") = "Part3_TypeOfBuffer", "Part3_TypeOfBuffer\Part3_TypeOfBuffer.vcxproj", "{80DB5286-B024-4986-9DA1-AB1D9E43A230}"
EndProject
Project("{8BC9CEB8-8B4A-11D0-8D11-00A0C91BC942}") = "Part4_GraphicsPipeline", "Part4_GraphicsPipeline\Part4_GraphicsPipeline.vcxproj", "{D395C876-28DD-4191-BDB4-13B4FC8C8896}"
EndProject
Project("{8BC9CEB8-8B4A-11D0-8D11-00A0C91BC942}") = "Part5_DrawCall", "Part5_DrawCall\Part5_DrawCall.vcxproj", "{B523EC3A-775F-4B19-BFB4-6C721DD3378A}"
EndProject
Project("{8BC9CEB8-8B4A-11D0-8D11-00A0C91BC942}") = "Part6_RenderTargetAndBlendState", "Part6_RenderTargetAndBlendState\Part6_RenderTargetAndBlendState.vcxproj", "{257D788A-0343-4390-9FF4-90ED3FF7EF7E}"
EndProject
Project("{8BC9CEB8-8B4A-11D0-8D11-00A0C91BC942}") = "Part7_ZBufferAndDepthStencilState", "Part7_ZBufferAndDepthStencilState\Part7_ZBufferAndDepthStencilState.vcxproj", "{F0F2C841-884A-484D-A0D0-188B1981819C}"
EndProject
Project("{8BC9CEB8-8B4A-11D0-8D11-00A0C91BC942}") = "Part8_RasterizerState", "Part8_RasterizerState\Part8_RasterizerState.vcxproj", "{61607A16-F17E-4622-8C7A-B3B66ED848B1}"
EndProject
Project("{8BC9CEB8-8B4A-11D0-8D11-00A0C91BC942}") = "Part9_GeometryShader", "Part9_GeometryShader\Part9_GeometryShader.vcxproj", "{4BA6CEF6-A74C-401C-8E32-692FA56D6CC1}"
EndProject
Project("{8BC9CEB8-8B4A-11D0-8D11-00A0C91BC942}") = "Part10_StreamOutput", "Part10_StreamOutput\Part10_StreamOutput.vcxproj", "{C8657A09-5A42-4BD3-AE97-2FACB1633086}"
EndProject
Project("{8BC9CEB8-8B4A-11D0-8D11-00A0C91BC942}") = "Part11_Tessellation", "Part11_Tessellation\Part11_Tessellation.vcxproj", "{CA3A9903-4EFB-4D18-9E72-EF0B20F0BEDA}"
EndProject
Project("{8BC9CEB8-8B4A-11D0-8D11-00A0C91BC942}") = "Part12_DeferredContext", "Part12_DeferredContext\Part12_DeferredContext.vcxproj", "{541C8B3D-0BB9-40F7-8A5D-762EC40AA365}"
EndProject
Project("{8BC9CEB8-8B4A-11D0-8D11-00A0C91BC942}") = "Part13_Query", "Part13_Predication\Part13_Predication.vcxproj", "{DD089ED2-C882-40CF-BB59-8E2CDBA9A956}"
EndProject
Project("{8BC9CEB8-8B4A-11D0-8D11-00A0C91BC942}") = "Part14_Initialize", "Part14_Initialize\Part14_Initialize.vcxproj", "{D702086B-25F4-441B-9686-5E886DAF04EC}"
EndProject
Project("{8BC9CEB8-8B4A-11D0-8D11-00A0C91BC942}") = "Part15_Texture", "Part15_Texture\Part15_Texture.vcxproj", "{A9C190E1-58B8-42E4-8354-5978D4C2FEB0}"
EndProject
Global
	GlobalSection(SolutionConfigurationPlatforms) = preSolution
		Debug|x64 = Debug|x64
		Debug|x86 = Debug|x86
		Release|x64 = Release|x64
		Release|x86 = Release|x86
	EndGlobalSection
	GlobalSection(ProjectConfigurationPlatforms) = postSolution
		{313B11DD-F109-431E-BC03-6D15846A1CBC}.Debug|x64.ActiveCfg = Debug|x64
		{313B11DD-F109-431E-BC03-6D15846A1CBC}.Debug|x64.Build.0 = Debug|x64
		{313B11DD-F109-431E-BC03-6D15846A1CBC}.Debug|x86.ActiveCfg = Debug|Win32
		{313B11DD-F109-431E-BC03-6D15846A1CBC}.Debug|x86.Build.0 = Debug|Win32
		{313B11DD-F109-431E-BC03-6D15846A1CBC}.Release|x64.ActiveCfg = Release|x64
		{313B11DD-F109-431E-BC03-6D15846A1CBC}.Release|x64.Build.0 = Release|x64
		{313B11DD-F109-431E-BC03-6D15846A1CBC}.Release|x86.ActiveCfg = Release|Win32
		{313B11DD-F109-431E-BC03-6D15846A1CBC}.Release|x86.Build.0 = Release|Win32
		{92E3AED4-8312-41B8-B92B-6F5C037DC5B4}.Debug|x64.ActiveCfg = Debug|x64
		{92E3AED4-8312-41B8-B92B-6F5C037DC5B4}.Debug|x64.Build.0 = Debug|x64
		{92E3AED4-8312-41B8-B92B-6F5C037DC5B4}.Debug|x86.ActiveCfg = Debug|Win32
		{92E3AED4-8312-41B8-B92B-6F5C037DC5B4}.Debug|x86.Build.0 = Debug|Win32
		{92E3AED4-8312-41B8-B92B-6F5C037DC5B4}.Release|x64.ActiveCfg = Release|x64
		{92E3AED4-8312-41B8-B92B-6F5C037DC5B4}.Release|x64.Build.0 = Release|x64
		{92E3AED4-8312-41B8-B92B-6F5C037DC5B4}.Release|x86.ActiveCfg = Release|Win32
		{92E3AED4-8312-41B8-B92B-6F5C037DC5B4}.Release|x86.Build.0 = Release|Win32
		{E0B52AE7-E160-4D32-BF3F-910B785E5A8E}.Debug|x64.ActiveCfg = Debug|x64
		{E0B52AE7-E160-4D32-BF3F-910B785E5A8E}.Debug|x64.Build.0 = Debug|x64
		{E0B52AE7-E160-4D32-BF3F-910B785E5A8E}.Debug|x86.ActiveCfg = Debug|Win32
		{E0B52AE7-E160-4D32-BF3F-910B785E5A8E}.Debug|x86.Build.0 = Debug|Win32
		{E0B52AE7-E160-4D32-BF3F-910B785E5A8E}.Release|x64.ActiveCfg = Release|x64
		{E0B52AE7-E160-4D32-BF3F-910B785E5A8E}.Release|x64.Build.0 = Release|x64
		{E0B52AE7-E160-4D32-BF3F-910B785E5A8E}.Release|x86.ActiveCfg = Release|Win32
		{E0B52AE7-E160-4D32-BF3F-910B785E5A8E}.Release|x86.Build.0 = Release|Win32
		{80DB5286-B024-4986-9DA1-AB1D9E43A230}.Debug|x64.ActiveCfg = Debug|x64
		{80DB5286-B024-4986-9DA1-AB1D9E43A230}.Debug|x64.Build.0 = Debug|x64
		{80DB5286-B024-4986-9DA1-AB1D9E43A230}.Debug|x86.ActiveCfg = Debug|Win32
		{80DB5286-B024-4986-9DA1-AB1D9E43A230}.Debug|x86.Build.0 = Debug|Win32
		{80DB5286-B024-4986-9DA1-AB1D9E43A230}.Release|x64.ActiveCfg = Release|x64
		{80DB5286-B024-4986-9DA1-AB1D9E43A230}.Release|x64.Build.0 = Release|x64
		{80DB5286-B024-4986-9DA1-AB1D9E43A230}.Release|x86.ActiveCfg = Release|Win32
		{80DB5286-B024-4986-9DA1-AB1D9E43A230}.Release|x86.Build.0 = Release|Win32
		{D395C876-28DD-4191-BDB4-13B4FC8C8896}.Debug|x64.ActiveCfg = Debug|x64
		{D395C876-28DD-4191-BDB4-13B4FC8C8896}.Debug|x64.Build.0 = Debug|x64
		{D395C876-28DD-4191-BDB4-13B4FC8C8896}.Debug|x86.ActiveCfg = Debug|Win32
		{D395C876-28DD-4191-BDB4-13B4FC8C8896}.Debug|x86.Build.0 = Debug|Win32
		{D395C876-28DD-4191-BDB4-13B4FC8C8896}.Release|x64.ActiveCfg = Release|x64
		{D395C876-28DD-4191-BDB4-13B4FC8C8896}.Release|x64.Build.0 = Release|x64
		{D395C876-28DD-4191-BDB4-13B4FC8C8896}.Release|x86.ActiveCfg = Release|Win32
		{D395C876-28DD-4191-BDB4-13B4FC8C8896}.Release|x86.Build.0 = Release|Win32
		{B523EC3A-775F-4B19-BFB4-6C721DD3378A}.Debug|x64.ActiveCfg = Debug|x64
		{B523EC3A-775F-4B19-BFB4-6C721DD3378A}.Debug|x64.Build.0 = Debug|x64
		{B523EC3A-775F-4B19-BFB4-6C721DD3378A}.Debug|x86.ActiveCfg = Debug|Win32
		{B523EC3A-775F-4B19-BFB4-6C721DD3378A}.Debug|x86.Build.0 = Debug|Win32
		{B523EC3A-775F-4B19-BFB4-6C721DD3378A}.Release|x64.ActiveCfg = Release|x64
		{B523EC3A-775F-4B19-BFB4-6C721DD3378A}.Release|x64.Build.0 = Release|x64
		{B523EC3A-775F-4B19-BFB4-6C721DD3378A}.Release|x86.ActiveCfg = Release|Win32
		{B523EC3A-775F-4B19-BFB4-6C721DD3378A}.Release|x86.Build.0 = Release|Win32
		{257D788A-0343-4390-9FF4-90ED3FF7EF7E}.Debug|x64.ActiveCfg = Debug|x64
		{257D788A-0343-4390-9FF4-90ED3FF7EF7E}.Debug|x64.Build.0 = Debug|x64
		{257D788A-0343-4390-9FF4-90ED3FF7EF7E}.Debug|x86.ActiveCfg = Debug|Win32
		{257D788A-0343-4390-9FF4-90ED3FF7EF7E}.Debug|x86.Build.0 = Debug|Win32
		{257D788A-0343-4390-9FF4-90ED3FF7EF7E}.Release|x64.ActiveCfg = Release|x64
		{257D788A-0343-4390-9FF4-90ED3FF7EF7E}.Release|x64.Build.0 = Release|x64
		{257D788A-0343-4390-9FF4-90ED3FF7EF7E}.Release|x86.ActiveCfg = Release|Win32
		{257D788A-0343-4390-9FF4-90ED3FF7EF7E}.Release|x86.Build.0 = Release|Win32
		{F0F2C841-884A-484D-A0D0-188B1981819C}.Debug|x64.ActiveCfg = Debug|x64
		{F0F2C841-884A-484D-A0D0-188B1981819C}.Debug|x64.Build.0 = Debug|x64
		{F0F2C841-884A-484D-A0D0-188B1981819C}.Debug|x86.ActiveCfg = Debug|Win32
		{F0F2C841-884A-484D-A0D0-188B1981819C}.Debug|x86.Build.0 = Debug|Win32
		{F0F2C841-884A-484D-A0D0-188B1981819C}.Release|x64.ActiveCfg = Release|x64
		{F0F2C841-884A-484D-A0D0-188B1981819C}.Release|x64.Build.0 = Release|x64
		{F0F2C841-884A-484D-A0D0-188B1981819C}.Release|x86.ActiveCfg = Release|Win32
		{F0F2C841-884A-484D-A0D0-188B1981819C}.Release|x86.Build.0 = Release|Win32
		{61607A16-F17E-4622-8C7A-B3B66ED848B1}.Debug|x64.ActiveCfg = Debug|x64
		{61607A16-F17E-4622-8C7A-B3B66ED848B1}.Debug|x64.Build.0 = Debug|x64
		{61607A16-F17E-4622-8C7A-B3B66ED848B1}.Debug|x86.ActiveCfg = Debug|Win32
		{61607A16-F17E-4622-8C7A-B3B66ED848B1}.Debug|x86.Build.0 = Debug|Win32
		{61607A16-F17E-4622-8C7A-B3B66ED848B1}.Release|x64.ActiveCfg = Release|x64
		{61607A16-F17E-4622-8C7A-B3B66ED848B1}.Release|x64.Build.0 = Release|x64
		{61607A16-F17E-4622-8C7A-B3B66ED848B1}.Release|x86.ActiveCfg = Release|Win32
		{61607A16-F17E-4622-8C7A-B3B66ED848B1}.Release|x86.Build.0 = Release|Win32
		{4BA6CEF6-A74C-401C-8E32-692FA56D6CC1}.Debug|x64.ActiveCfg = Debug|x64
		{4BA6CEF6-A74C-401C-8E32-692FA56D6CC1}.Debug|x64.Build.0 = Debug|x64
		{4BA6CEF6-A74C-401C-8E32-692FA56D6CC1}.Debug|x86.ActiveCfg = Debug|Win32
		{4BA6CEF6-A74C-401C-8E32-692FA56D6CC1}.Debug|x86.Build.0 = Debug|Win32
		{4BA6CEF6-A74C-401C-8E32-692FA56D6CC1}.Release|x64.ActiveCfg = Release|x64
		{4BA6CEF6-A74C-401C-8E32-692FA56D6CC1}.Release|x64.Build.0 = Release|x64
		{4BA6CEF6-A74C-401C-8E32-692FA56D6CC1}.Release|x86.ActiveCfg = Release|Win32
		{4BA6CEF6-A74C-401C-8E32-692FA56D6CC1}.Release|x86.Build.0 = Release|Win32
		{C8657A09-5A42-4BD3-AE97-2FACB1633086}.Debug|x64.ActiveCfg = Debug|x64
		{C8657A09-5A42-4BD3-AE97-2FACB1633086}.Debug|x64.Build.0 = Debug|x64
		{C8657A09-5A42-4BD3-AE97-2FACB1633086}.Debug|x86.ActiveCfg = Debug|Win32
		{C8657A09-5A42-4BD3-AE97-2FACB1633086}.Debug|x86.Build.0 = Debug|Win32
		{C8657A09-5A42-4BD3-AE97-2FACB1633086}.Release|x64.ActiveCfg = Release|x64
		{C8657A09-5A42-4BD3-AE97-2FACB1633086}.Release|x64.Build.0 = Release|x64
		{C8657A09-5A42-4BD3-AE97-2FACB1633086}.Release|x86.ActiveCfg = Release|Win32
		{C8657A09-5A42-4BD3-AE97-2FACB1633086}.Release|x86.Build.0 = Release|Win32
		{CA3A9903-4EFB-4D18-9E72-EF0B20F0BEDA}.Debug|x64.ActiveCfg = Debug|x64
		{CA3A9903-4EFB-4D18-9E72-EF0B20F0BEDA}.Debug|x64.Build.0 = Debug|x64
		{CA3A9903-4EFB-4D18-9E72-EF0B20F0BEDA}.Debug|x86.ActiveCfg = Debug|Win32
		{CA3A9903-4EFB-4D18-9E72-EF0B20F0BEDA}.Debug|x86.Build.0 = Debug|Win32
		{CA3A9903-4EFB-4D18-9E72-EF0B20F0BEDA}.Release|x64.ActiveCfg = Release|x64
		{CA3A9903-4EFB-4D18-9E72-EF0B20F0BEDA}.Release|x64.Build.0 = Release|x64
		{CA3A9903-4EFB-4D18-9E72-EF0B20F0BEDA}.Release|x86.ActiveCfg = Release|Win32
		{CA3A9903-4EFB-4D18-9E72-EF0B20F0BEDA}.Release|x86.Build.0 = Release|Win32
		{541C8B3D-0BB9-40F7-8A5D-762EC40AA365}.Debug|x64.ActiveCfg = Debug|x64
		{541C8B3D-0BB9-40F7-8A5D-762EC40AA365}.Debug|x64.Build.0 = Debug|x64
		{541C8B3D-0BB9-40F7-8A5D-762EC40AA365}.Debug|x86.ActiveCfg = Debug|Win32
		{541C8B3D-0BB9-40F7-8A5D-762EC40AA365}.Debug|x86.Build.0 = Debug|Win32
		{541C8B3D-0BB9-40F7-8A5D-762EC40AA365}.Release|x64.ActiveCfg = Release|x64
		{541C8B3D-0BB9-40F7-8A5D-762EC40AA365}.Release|x64.Build.0 = Release|x64
		{541C8B3D-0BB9-40F7-8A5D-762EC40AA365}.Release|x86.ActiveCfg = Release|Win32
		{541C8B3D-0BB9-40F7-8A5D-762EC40AA365}.Release|x86.Build.0 = Release|Win32
		{DD089ED2-C882-40CF-BB59-8E2CDBA9A956}.Debug|x64.ActiveCfg = Debug|x64
		{DD089ED2-C882-40CF-BB59-8E2CDBA9A956}.Debug|x64.Build.0 = Debug|x64
		{DD089ED2-C882-40CF-BB59-8E2CDBA9A956}.Debug|x86.ActiveCfg = Debug|Win32
		{DD089ED2-C882-40CF-BB59-8E2CDBA9A956}.Debug|x86.Build.0 = Debug|Win32
		{DD089ED2-C882-40CF-BB59-8E2CDBA9A956}.Release|x64.ActiveCfg = Release|x64
		{DD089ED2-C882-40CF-BB59-8E2CDBA9A956}.Release|x64.Build.0 = Release|x64
		{DD089ED2-C882-40CF-BB59-8E2CDBA9A956}.Release|x86.ActiveCfg = Release|Win32
		{DD089ED2-C882-40CF-BB59-8E2CDBA9A956}.Release|x86.Build.0 = Release|Win32
		{D702086B-25F4-441B-9686-5E886DAF04EC}.Debug|x64.ActiveCfg = Debug|x64
		{D702086B-25F4-441B-9686-5E886DAF04EC}.Debug|x64.Build.0 = Debug|x64
		{D702086B-25F4-441B-9686-5E886DAF04EC}.Debug|x86.ActiveCfg = Debug|Win32
		{D702086B-25F4-441B-9686-5E886DAF04EC}.Debug|x86.Build.0 = Debug|Win32
		{D702086B-25F4-441B-9686-5E886DAF04EC}.Release|x64.ActiveCfg = Release|x64
		{D702086B-25F4-441B-9686-5E886DAF04EC}.Release|x64.Build.0 = Release|x64
		{D702086B-25F4-441B-9686-5E886DAF04EC}.Release|x86.ActiveCfg = Release|Win32
		{D702086B-25F4-441B-9686-5E886DAF04EC}.Release|x86.Build.0 = Release|Win32
		{A9C190E1-58B8-42E4-8354-5978D4C2FEB0}.Debug|x64.ActiveCfg = Debug|x64
		{A9C190E1-58B8-42E4-8354-5978D4C2FEB0}.Debug|x64.Build.0 = Debug|x64
		{A9C190E1-58B8-42E4-8354-5978D4C2FEB0}.Debug|x86.ActiveCfg = Debug|Win32
		{A9C190E1-58B8-42E4-8354-5978D4C2FEB0}.Debug|x86.Build.0 = Debug|Win32
		{A9C190E1-58B8-42E4-8354-5978D4C2FEB0}.Release|x64.ActiveCfg = Release|x64
		{A9C190E1-58B8-42E4-8354-5978D4C2FEB0}.Release|x64.Build.0 = Release|x64
		{A9C190E1-58B8-42E4-8354-5978D4C2FEB0}.Release|x86.ActiveCfg = Release|Win32
		{A9C190E1-58B8-42E4-8354-5978D4C2FEB0}.Release|x86.Build.0 = Release|Win32
	EndGlobalSection
	GlobalSection(SolutionProperties) = preSolution
		HideSolutionNode = FALSE
	EndGlobalSection
EndGlobal
