<?xml version="1.0" encoding="utf-8"?>
<Project ToolsVersion="4.0" xmlns="http://schemas.microsoft.com/developer/msbuild/2003">
  <ItemGroup>
    <Filter Include="ソース ファイル">
      <UniqueIdentifier>{4FC737F1-C7A5-4376-A066-2A32D752A2FF}</UniqueIdentifier>
      <Extensions>cpp;c;cc;cxx;def;odl;idl;hpj;bat;asm;asmx</Extensions>
    </Filter>
    <Filter Include="ヘッダー ファイル">
      <UniqueIdentifier>{93995380-89BD-4b04-88EB-625FBE52EBFB}</UniqueIdentifier>
      <Extensions>h;hh;hpp;hxx;hm;inl;inc;xsd</Extensions>
    </Filter>
    <Filter Include="リソース ファイル">
      <UniqueIdentifier>{67DA6AB6-F800-4c08-8B7A-83BB121AAD01}</UniqueIdentifier>
      <Extensions>rc;ico;cur;bmp;dlg;rc2;rct;bin;rgs;gif;jpg;jpeg;jpe;resx;tiff;tif;png;wav;mfcribbon-ms</Extensions>
    </Filter>
    <Filter Include="ソース ファイル\Shader">
      <UniqueIdentifier>{b72cb24b-c291-42cf-b182-cd684e3e9738}</UniqueIdentifier>
    </Filter>
    <Filter Include="ソース ファイル\Template">
      <UniqueIdentifier>{c4aa8e93-80c8-49d8-bd55-2b93ac4a80d9}</UniqueIdentifier>
    </Filter>
  </ItemGroup>
  <ItemGroup>
    <ClCompile Include="Main.cpp">
      <Filter>ソース ファイル</Filter>
    </ClCompile>
    <ClCompile Include="Scene.cpp">
      <Filter>ソース ファイル</Filter>
    </ClCompile>
    <ClCompile Include="..\Template\DXSample.cpp">
      <Filter>ソース ファイル\Template</Filter>
    </ClCompile>
    <ClCompile Include="..\Template\Win32Application.cpp">
      <Filter>ソース ファイル\Template</Filter>
    </ClCompile>
  </ItemGroup>
  <ItemGroup>
    <ClInclude Include="Scene.h">
      <Filter>ソース ファイル</Filter>
    </ClInclude>
    <ClInclude Include="..\Template\Common.h">
      <Filter>ソース ファイル\Template</Filter>
    </ClInclude>
    <ClInclude Include="..\Template\DXSample.h">
      <Filter>ソース ファイル\Template</Filter>
    </ClInclude>
    <ClInclude Include="..\Template\Win32Application.h">
      <Filter>ソース ファイル\Template</Filter>
    </ClInclude>
  </ItemGroup>
  <ItemGroup>
    <FxCompile Include="Shader\ClearScreenWithSampler.hlsl">
      <Filter>ソース ファイル\Shader</Filter>
    </FxCompile>
    <FxCompile Include="Shader\CSArrayRead.hlsl">
      <Filter>ソース ファイル\Shader</Filter>
    </FxCompile>
    <FxCompile Include="Shader\CSArrayWrite.hlsl">
      <Filter>ソース ファイル\Shader</Filter>
    </FxCompile>
    <FxCompile Include="Shader\CSMipmapRead.hlsl">
      <Filter>ソース ファイル\Shader</Filter>
    </FxCompile>
    <FxCompile Include="Shader\CSMipmapWrite.hlsl">
      <Filter>ソース ファイル\Shader</Filter>
    </FxCompile>
    <FxCompile Include="Shader\CSUseCubemap.hlsl">
      <Filter>ソース ファイル\Shader</Filter>
    </FxCompile>
    <FxCompile Include="Shader\GSRenderCubemap.hlsl">
      <Filter>ソース ファイル\Shader</Filter>
    </FxCompile>
    <FxCompile Include="Shader\GSRenderMultisampling.hlsl">
      <Filter>ソース ファイル\Shader</Filter>
    </FxCompile>
    <FxCompile Include="Shader\PSRenderCubemap.hlsl">
      <Filter>ソース ファイル\Shader</Filter>
    </FxCompile>
    <FxCompile Include="Shader\PSRenderMultisampling.hlsl">
      <Filter>ソース ファイル\Shader</Filter>
    </FxCompile>
    <FxCompile Include="Shader\VSDummy.hlsl">
      <Filter>ソース ファイル\Shader</Filter>
    </FxCompile>
  </ItemGroup>
  <ItemGroup>
    <None Include="Shader\Common.hlsli">
      <Filter>ソース ファイル\Shader</Filter>
    </None>
  </ItemGroup>
</Project>